{
  "requires": true,
  "lockfileVersion": 1,
  "dependencies": {
    "bootstrap-sass": {
      "version": "3.4.3",
      "resolved": "https://registry.npmjs.org/bootstrap-sass/-/bootstrap-sass-3.4.3.tgz",
      "integrity": "sha512-vPgFnGMp1jWZZupOND65WS6mkR8rxhJxndT/AcMbqcq1hHMdkcH4sMPhznLzzoHOHkSCrd6J9F8pWBriPCKP2Q=="
    },
    "jquery": {
      "version": "3.6.4",
      "resolved": "https://registry.npmjs.org/jquery/-/jquery-3.6.4.tgz",
      "integrity": "sha512-v28EW9DWDFpzcD9O5iyJXg3R3+q+mET5JhnjJzQUZMHOv67bpSIHq81GEYpPNZHG+XXHsfSme3nxp/hndKEcsQ=="
    }
  }
}
